
Microsoft Visual Studio Solution File, Format Version 12.00
# Visual Studio Version 17
VisualStudioVersion = 17.12.35514.174
MinimumVisualStudioVersion = 10.0.40219.1
Project("{FAE04EC0-301F-11D3-BF4B-00C04F79EFBC}") = "ConsoleApp.OutputDemo", "ConsoleApp.OutputDemo\ConsoleApp.OutputDemo.csproj", "{883E88F4-E803-4F7E-B9D9-71BAD7FC04B6}"
EndProject
Project("{FAE04EC0-301F-11D3-BF4B-00C04F79EFBC}") = "ConsoleApp.VariablesDemo", "ConsoleApp.VariablesDemo\ConsoleApp.VariablesDemo.csproj", "{E35EEA4D-7740-4B99-B349-EC79E0ACB6F2}"
EndProject
Project("{FAE04EC0-301F-11D3-BF4B-00C04F79EFBC}") = "ConsoleApp.UserInputDemo", "ConsoleApp.UserInputDemo\ConsoleApp.UserInputDemo.csproj", "{F50C91AF-5165-47B3-92BF-1D44138BE4E6}"
EndProject
Project("{FAE04EC0-301F-11D3-BF4B-00C04F79EFBC}") = "ConsoleApp.Operators", "ConsoleApp.Operators\ConsoleApp.Operators.csproj", "{9D441570-2C58-44E0-8A38-449D30CF6ECB}"
EndProject
Project("{FAE04EC0-301F-11D3-BF4B-00C04F79EFBC}") = "ConsoleApp.ConditionsAndDecisions", "ConsoleApp.ConditionsAndDecisions\ConsoleApp.ConditionsAndDecisions.csproj", "{D4479487-BD04-43EE-A0C7-864EAD807652}"
EndProject
Project("{FAE04EC0-301F-11D3-BF4B-00C04F79EFBC}") = "ConsoleApp.SampleCalculator", "ConsoleApp.SampleCalculator\ConsoleApp.SampleCalculator.csproj", "{D3EC81ED-9B4E-4B6D-9F98-2579B907B120}"
EndProject
Project("{FAE04EC0-301F-11D3-BF4B-00C04F79EFBC}") = "ConsoleApp.Loops", "ConsoleApp.Loops\ConsoleApp.Loops.csproj", "{EB89DD0F-4ACD-480C-8C8B-9D640BF7701D}"
EndProject
Project("{FAE04EC0-301F-11D3-BF4B-00C04F79EFBC}") = "ConsoleApp.ExceptionHandlingDemo", "ConsoleApp.ExceptionHandlingDemo\ConsoleApp.ExceptionHandlingDemo.csproj", "{B1A9ED58-63CE-4001-96F1-DB0C50435295}"
EndProject
Project("{FAE04EC0-301F-11D3-BF4B-00C04F79EFBC}") = "ConsoleApp.StringManipulation", "ConsoleApp.StringManipulation\ConsoleApp.StringManipulation.csproj", "{519E187A-44DE-4E9B-94F6-64243D15DA11}"
EndProject
Project("{FAE04EC0-301F-11D3-BF4B-00C04F79EFBC}") = "ConsoleApp.DateTimeManipulation", "ConsoleApp.DateTimeManipulation\ConsoleApp.DateTimeManipulation.csproj", "{F00C8813-73BB-4E96-B6EA-677B0849AE25}"
EndProject
Project("{FAE04EC0-301F-11D3-BF4B-00C04F79EFBC}") = "ConsoleApp.Methods", "ConsoleApp.Methods\ConsoleApp.Methods.csproj", "{C3284C68-60C2-4B3D-897E-A5C82E4EE9E2}"
EndProject
Global
	GlobalSection(SolutionConfigurationPlatforms) = preSolution
		Debug|Any CPU = Debug|Any CPU
		Release|Any CPU = Release|Any CPU
	EndGlobalSection
	GlobalSection(ProjectConfigurationPlatforms) = postSolution
		{883E88F4-E803-4F7E-B9D9-71BAD7FC04B6}.Debug|Any CPU.ActiveCfg = Debug|Any CPU
		{883E88F4-E803-4F7E-B9D9-71BAD7FC04B6}.Debug|Any CPU.Build.0 = Debug|Any CPU
		{883E88F4-E803-4F7E-B9D9-71BAD7FC04B6}.Release|Any CPU.ActiveCfg = Release|Any CPU
		{883E88F4-E803-4F7E-B9D9-71BAD7FC04B6}.Release|Any CPU.Build.0 = Release|Any CPU
		{E35EEA4D-7740-4B99-B349-EC79E0ACB6F2}.Debug|Any CPU.ActiveCfg = Debug|Any CPU
		{E35EEA4D-7740-4B99-B349-EC79E0ACB6F2}.Debug|Any CPU.Build.0 = Debug|Any CPU
		{E35EEA4D-7740-4B99-B349-EC79E0ACB6F2}.Release|Any CPU.ActiveCfg = Release|Any CPU
		{E35EEA4D-7740-4B99-B349-EC79E0ACB6F2}.Release|Any CPU.Build.0 = Release|Any CPU
		{F50C91AF-5165-47B3-92BF-1D44138BE4E6}.Debug|Any CPU.ActiveCfg = Debug|Any CPU
		{F50C91AF-5165-47B3-92BF-1D44138BE4E6}.Debug|Any CPU.Build.0 = Debug|Any CPU
		{F50C91AF-5165-47B3-92BF-1D44138BE4E6}.Release|Any CPU.ActiveCfg = Release|Any CPU
		{F50C91AF-5165-47B3-92BF-1D44138BE4E6}.Release|Any CPU.Build.0 = Release|Any CPU
		{9D441570-2C58-44E0-8A38-449D30CF6ECB}.Debug|Any CPU.ActiveCfg = Debug|Any CPU
		{9D441570-2C58-44E0-8A38-449D30CF6ECB}.Debug|Any CPU.Build.0 = Debug|Any CPU
		{9D441570-2C58-44E0-8A38-449D30CF6ECB}.Release|Any CPU.ActiveCfg = Release|Any CPU
		{9D441570-2C58-44E0-8A38-449D30CF6ECB}.Release|Any CPU.Build.0 = Release|Any CPU
		{D4479487-BD04-43EE-A0C7-864EAD807652}.Debug|Any CPU.ActiveCfg = Debug|Any CPU
		{D4479487-BD04-43EE-A0C7-864EAD807652}.Debug|Any CPU.Build.0 = Debug|Any CPU
		{D4479487-BD04-43EE-A0C7-864EAD807652}.Release|Any CPU.ActiveCfg = Release|Any CPU
		{D4479487-BD04-43EE-A0C7-864EAD807652}.Release|Any CPU.Build.0 = Release|Any CPU
		{D3EC81ED-9B4E-4B6D-9F98-2579B907B120}.Debug|Any CPU.ActiveCfg = Debug|Any CPU
		{D3EC81ED-9B4E-4B6D-9F98-2579B907B120}.Debug|Any CPU.Build.0 = Debug|Any CPU
		{D3EC81ED-9B4E-4B6D-9F98-2579B907B120}.Release|Any CPU.ActiveCfg = Release|Any CPU
		{D3EC81ED-9B4E-4B6D-9F98-2579B907B120}.Release|Any CPU.Build.0 = Release|Any CPU
		{EB89DD0F-4ACD-480C-8C8B-9D640BF7701D}.Debug|Any CPU.ActiveCfg = Debug|Any CPU
		{EB89DD0F-4ACD-480C-8C8B-9D640BF7701D}.Debug|Any CPU.Build.0 = Debug|Any CPU
		{EB89DD0F-4ACD-480C-8C8B-9D640BF7701D}.Release|Any CPU.ActiveCfg = Release|Any CPU
		{EB89DD0F-4ACD-480C-8C8B-9D640BF7701D}.Release|Any CPU.Build.0 = Release|Any CPU
		{B1A9ED58-63CE-4001-96F1-DB0C50435295}.Debug|Any CPU.ActiveCfg = Debug|Any CPU
		{B1A9ED58-63CE-4001-96F1-DB0C50435295}.Debug|Any CPU.Build.0 = Debug|Any CPU
		{B1A9ED58-63CE-4001-96F1-DB0C50435295}.Release|Any CPU.ActiveCfg = Release|Any CPU
		{B1A9ED58-63CE-4001-96F1-DB0C50435295}.Release|Any CPU.Build.0 = Release|Any CPU
		{519E187A-44DE-4E9B-94F6-64243D15DA11}.Debug|Any CPU.ActiveCfg = Debug|Any CPU
		{519E187A-44DE-4E9B-94F6-64243D15DA11}.Debug|Any CPU.Build.0 = Debug|Any CPU
		{519E187A-44DE-4E9B-94F6-64243D15DA11}.Release|Any CPU.ActiveCfg = Release|Any CPU
		{519E187A-44DE-4E9B-94F6-64243D15DA11}.Release|Any CPU.Build.0 = Release|Any CPU
		{F00C8813-73BB-4E96-B6EA-677B0849AE25}.Debug|Any CPU.ActiveCfg = Debug|Any CPU
		{F00C8813-73BB-4E96-B6EA-677B0849AE25}.Debug|Any CPU.Build.0 = Debug|Any CPU
		{F00C8813-73BB-4E96-B6EA-677B0849AE25}.Release|Any CPU.ActiveCfg = Release|Any CPU
		{F00C8813-73BB-4E96-B6EA-677B0849AE25}.Release|Any CPU.Build.0 = Release|Any CPU
		{C3284C68-60C2-4B3D-897E-A5C82E4EE9E2}.Debug|Any CPU.ActiveCfg = Debug|Any CPU
		{C3284C68-60C2-4B3D-897E-A5C82E4EE9E2}.Debug|Any CPU.Build.0 = Debug|Any CPU
		{C3284C68-60C2-4B3D-897E-A5C82E4EE9E2}.Release|Any CPU.ActiveCfg = Release|Any CPU
		{C3284C68-60C2-4B3D-897E-A5C82E4EE9E2}.Release|Any CPU.Build.0 = Release|Any CPU
	EndGlobalSection
	GlobalSection(SolutionProperties) = preSolution
		HideSolutionNode = FALSE
	EndGlobalSection
EndGlobal
